// !$*UTF8*$!
{
	archiveVersion = 1;
	classes = {
	};
	objectVersion = 48;
	objects = {

/* Begin PBXBuildFile section */
		78CD39052854C3F2183D7E57 /* Pods_SurveyApp.framework in Frameworks */ = {isa = PBXBuildFile; fileRef = 1C5CEBA40D127FD5110B10C2 /* Pods_SurveyApp.framework */; };
		E38EDE611FC2EA8400DA11FB /* AppDelegate.swift in Sources */ = {isa = PBXBuildFile; fileRef = E38EDE601FC2EA8400DA11FB /* AppDelegate.swift */; };
		E38EDE631FC2EA8400DA11FB /* ViewController.swift in Sources */ = {isa = PBXBuildFile; fileRef = E38EDE621FC2EA8400DA11FB /* ViewController.swift */; };
		E38EDE661FC2EA8400DA11FB /* Main.storyboard in Resources */ = {isa = PBXBuildFile; fileRef = E38EDE641FC2EA8400DA11FB /* Main.storyboard */; };
		E38EDE681FC2EA8400DA11FB /* Assets.xcassets in Resources */ = {isa = PBXBuildFile; fileRef = E38EDE671FC2EA8400DA11FB /* Assets.xcassets */; };
		E38EDE6B1FC2EA8400DA11FB /* LaunchScreen.storyboard in Resources */ = {isa = PBXBuildFile; fileRef = E38EDE691FC2EA8400DA11FB /* LaunchScreen.storyboard */; };
		E38EDE761FC2EA8400DA11FB /* SurveyAppTests.swift in Sources */ = {isa = PBXBuildFile; fileRef = E38EDE751FC2EA8400DA11FB /* SurveyAppTests.swift */; };
		E38EDE811FC2EA8400DA11FB /* SurveyAppUITests.swift in Sources */ = {isa = PBXBuildFile; fileRef = E38EDE801FC2EA8400DA11FB /* SurveyAppUITests.swift */; };
		E3A699F51FC30D8C001B3D70 /* GreenViewController.swift in Sources */ = {isa = PBXBuildFile; fileRef = E3A699F41FC30D8C001B3D70 /* GreenViewController.swift */; };
		E3A699F71FC30D98001B3D70 /* RedViewController.swift in Sources */ = {isa = PBXBuildFile; fileRef = E3A699F61FC30D98001B3D70 /* RedViewController.swift */; };
		E3A699F91FC30DF5001B3D70 /* PageViewController.swift in Sources */ = {isa = PBXBuildFile; fileRef = E3A699F81FC30DF5001B3D70 /* PageViewController.swift */; };
		E3A699FB1FC31529001B3D70 /* DataModel.swift in Sources */ = {isa = PBXBuildFile; fileRef = E3A699FA1FC31529001B3D70 /* DataModel.swift */; };
/* End PBXBuildFile section */

/* Begin PBXContainerItemProxy section */
		E38EDE721FC2EA8400DA11FB /* PBXContainerItemProxy */ = {
			isa = PBXContainerItemProxy;
			containerPortal = E38EDE551FC2EA8400DA11FB /* Project object */;
			proxyType = 1;
			remoteGlobalIDString = E38EDE5C1FC2EA8400DA11FB;
			remoteInfo = SurveyApp;
		};
		E38EDE7D1FC2EA8400DA11FB /* PBXContainerItemProxy */ = {
			isa = PBXContainerItemProxy;
			containerPortal = E38EDE551FC2EA8400DA11FB /* Project object */;
			proxyType = 1;
			remoteGlobalIDString = E38EDE5C1FC2EA8400DA11FB;
			remoteInfo = SurveyApp;
		};
/* End PBXContainerItemProxy section */

/* Begin PBXFileReference section */
		1C5CEBA40D127FD5110B10C2 /* Pods_SurveyApp.framework */ = {isa = PBXFileReference; explicitFileType = wrapper.framework; includeInIndex = 0; path = Pods_SurveyApp.framework; sourceTree = BUILT_PRODUCTS_DIR; };
		4B1DD27A5DD4C7B4402A69A9 /* Pods-SurveyApp.debug.xcconfig */ = {isa = PBXFileReference; includeInIndex = 1; lastKnownFileType = text.xcconfig; name = "Pods-SurveyApp.debug.xcconfig"; path = "Pods/Target Support Files/Pods-SurveyApp/Pods-SurveyApp.debug.xcconfig"; sourceTree = "<group>"; };
		4B6D855336FF78A3326FE82D /* Pods-SurveyApp.release.xcconfig */ = {isa = PBXFileReference; includeInIndex = 1; lastKnownFileType = text.xcconfig; name = "Pods-SurveyApp.release.xcconfig"; path = "Pods/Target Support Files/Pods-SurveyApp/Pods-SurveyApp.release.xcconfig"; sourceTree = "<group>"; };
		E38EDE5D1FC2EA8400DA11FB /* SurveyApp.app */ = {isa = PBXFileReference; explicitFileType = wrapper.application; includeInIndex = 0; path = SurveyApp.app; sourceTree = BUILT_PRODUCTS_DIR; };
		E38EDE601FC2EA8400DA11FB /* AppDelegate.swift */ = {isa = PBXFileReference; lastKnownFileType = sourcecode.swift; path = AppDelegate.swift; sourceTree = "<group>"; };
		E38EDE621FC2EA8400DA11FB /* ViewController.swift */ = {isa = PBXFileReference; lastKnownFileType = sourcecode.swift; path = ViewController.swift; sourceTree = "<group>"; };
		E38EDE651FC2EA8400DA11FB /* Base */ = {isa = PBXFileReference; lastKnownFileType = file.storyboard; name = Base; path = Base.lproj/Main.storyboard; sourceTree = "<group>"; };
		E38EDE671FC2EA8400DA11FB /* Assets.xcassets */ = {isa = PBXFileReference; lastKnownFileType = folder.assetcatalog; path = Assets.xcassets; sourceTree = "<group>"; };
		E38EDE6A1FC2EA8400DA11FB /* Base */ = {isa = PBXFileReference; lastKnownFileType = file.storyboard; name = Base; path = Base.lproj/LaunchScreen.storyboard; sourceTree = "<group>"; };
		E38EDE6C1FC2EA8400DA11FB /* Info.plist */ = {isa = PBXFileReference; lastKnownFileType = text.plist.xml; path = Info.plist; sourceTree = "<group>"; };
		E38EDE711FC2EA8400DA11FB /* SurveyAppTests.xctest */ = {isa = PBXFileReference; explicitFileType = wrapper.cfbundle; includeInIndex = 0; path = SurveyAppTests.xctest; sourceTree = BUILT_PRODUCTS_DIR; };
		E38EDE751FC2EA8400DA11FB /* SurveyAppTests.swift */ = {isa = PBXFileReference; lastKnownFileType = sourcecode.swift; path = SurveyAppTests.swift; sourceTree = "<group>"; };
		E38EDE771FC2EA8400DA11FB /* Info.plist */ = {isa = PBXFileReference; lastKnownFileType = text.plist.xml; path = Info.plist; sourceTree = "<group>"; };
		E38EDE7C1FC2EA8400DA11FB /* SurveyAppUITests.xctest */ = {isa = PBXFileReference; explicitFileType = wrapper.cfbundle; includeInIndex = 0; path = SurveyAppUITests.xctest; sourceTree = BUILT_PRODUCTS_DIR; };
		E38EDE801FC2EA8400DA11FB /* SurveyAppUITests.swift */ = {isa = PBXFileReference; lastKnownFileType = sourcecode.swift; path = SurveyAppUITests.swift; sourceTree = "<group>"; };
		E38EDE821FC2EA8400DA11FB /* Info.plist */ = {isa = PBXFileReference; lastKnownFileType = text.plist.xml; path = Info.plist; sourceTree = "<group>"; };
		E3A699F41FC30D8C001B3D70 /* GreenViewController.swift */ = {isa = PBXFileReference; lastKnownFileType = sourcecode.swift; path = GreenViewController.swift; sourceTree = "<group>"; };
		E3A699F61FC30D98001B3D70 /* RedViewController.swift */ = {isa = PBXFileReference; lastKnownFileType = sourcecode.swift; path = RedViewController.swift; sourceTree = "<group>"; };
		E3A699F81FC30DF5001B3D70 /* PageViewController.swift */ = {isa = PBXFileReference; lastKnownFileType = sourcecode.swift; path = PageViewController.swift; sourceTree = "<group>"; };
		E3A699FA1FC31529001B3D70 /* DataModel.swift */ = {isa = PBXFileReference; lastKnownFileType = sourcecode.swift; path = DataModel.swift; sourceTree = "<group>"; };
/* End PBXFileReference section */

/* Begin PBXFrameworksBuildPhase section */
		E38EDE5A1FC2EA8400DA11FB /* Frameworks */ = {
			isa = PBXFrameworksBuildPhase;
			buildActionMask = 2147483647;
			files = (
				78CD39052854C3F2183D7E57 /* Pods_SurveyApp.framework in Frameworks */,
			);
			runOnlyForDeploymentPostprocessing = 0;
		};
		E38EDE6E1FC2EA8400DA11FB /* Frameworks */ = {
			isa = PBXFrameworksBuildPhase;
			buildActionMask = 2147483647;
			files = (
			);
			runOnlyForDeploymentPostprocessing = 0;
		};
		E38EDE791FC2EA8400DA11FB /* Frameworks */ = {
			isa = PBXFrameworksBuildPhase;
			buildActionMask = 2147483647;
			files = (
			);
			runOnlyForDeploymentPostprocessing = 0;
		};
/* End PBXFrameworksBuildPhase section */

/* Begin PBXGroup section */
		08300A807128F93243033FB3 /* Pods */ = {
			isa = PBXGroup;
			children = (
				4B1DD27A5DD4C7B4402A69A9 /* Pods-SurveyApp.debug.xcconfig */,
				4B6D855336FF78A3326FE82D /* Pods-SurveyApp.release.xcconfig */,
			);
			name = Pods;
			sourceTree = "<group>";
		};
		E38EDE541FC2EA8400DA11FB = {
			isa = PBXGroup;
			children = (
				E38EDE5F1FC2EA8400DA11FB /* SurveyApp */,
				E38EDE741FC2EA8400DA11FB /* SurveyAppTests */,
				E38EDE7F1FC2EA8400DA11FB /* SurveyAppUITests */,
				E38EDE5E1FC2EA8400DA11FB /* Products */,
				08300A807128F93243033FB3 /* Pods */,
				EF0105B3DFC124E37AC8D4E2 /* Frameworks */,
			);
			sourceTree = "<group>";
		};
		E38EDE5E1FC2EA8400DA11FB /* Products */ = {
			isa = PBXGroup;
			children = (
				E38EDE5D1FC2EA8400DA11FB /* SurveyApp.app */,
				E38EDE711FC2EA8400DA11FB /* SurveyAppTests.xctest */,
				E38EDE7C1FC2EA8400DA11FB /* SurveyAppUITests.xctest */,
			);
			name = Products;
			sourceTree = "<group>";
		};
		E38EDE5F1FC2EA8400DA11FB /* SurveyApp */ = {
			isa = PBXGroup;
			children = (
				E38EDE601FC2EA8400DA11FB /* AppDelegate.swift */,
				E38EDE621FC2EA8400DA11FB /* ViewController.swift */,
				E38EDE641FC2EA8400DA11FB /* Main.storyboard */,
				E38EDE671FC2EA8400DA11FB /* Assets.xcassets */,
				E38EDE691FC2EA8400DA11FB /* LaunchScreen.storyboard */,
				E38EDE6C1FC2EA8400DA11FB /* Info.plist */,
				E3A699F41FC30D8C001B3D70 /* GreenViewController.swift */,
				E3A699F61FC30D98001B3D70 /* RedViewController.swift */,
				E3A699F81FC30DF5001B3D70 /* PageViewController.swift */,
				E3A699FA1FC31529001B3D70 /* DataModel.swift */,
			);
			path = SurveyApp;
			sourceTree = "<group>";
		};
		E38EDE741FC2EA8400DA11FB /* SurveyAppTests */ = {
			isa = PBXGroup;
			children = (
				E38EDE751FC2EA8400DA11FB /* SurveyAppTests.swift */,
				E38EDE771FC2EA8400DA11FB /* Info.plist */,
			);
			path = SurveyAppTests;
			sourceTree = "<group>";
		};
		E38EDE7F1FC2EA8400DA11FB /* SurveyAppUITests */ = {
			isa = PBXGroup;
			children = (
				E38EDE801FC2EA8400DA11FB /* SurveyAppUITests.swift */,
				E38EDE821FC2EA8400DA11FB /* Info.plist */,
			);
			path = SurveyAppUITests;
			sourceTree = "<group>";
		};
		EF0105B3DFC124E37AC8D4E2 /* Frameworks */ = {
			isa = PBXGroup;
			children = (
				1C5CEBA40D127FD5110B10C2 /* Pods_SurveyApp.framework */,
			);
			name = Frameworks;
			sourceTree = "<group>";
		};
/* End PBXGroup section */

/* Begin PBXNativeTarget section */
		E38EDE5C1FC2EA8400DA11FB /* SurveyApp */ = {
			isa = PBXNativeTarget;
			buildConfigurationList = E38EDE851FC2EA8400DA11FB /* Build configuration list for PBXNativeTarget "SurveyApp" */;
			buildPhases = (
				CD3F11543334A128DAC60954 /* [CP] Check Pods Manifest.lock */,
				E38EDE591FC2EA8400DA11FB /* Sources */,
				E38EDE5A1FC2EA8400DA11FB /* Frameworks */,
				E38EDE5B1FC2EA8400DA11FB /* Resources */,
				AE15D08402DDB4EB614F669D /* [CP] Embed Pods Frameworks */,
				3DA2E7A172ACED274E3CC0B1 /* [CP] Copy Pods Resources */,
			);
			buildRules = (
			);
			dependencies = (
			);
			name = SurveyApp;
			productName = SurveyApp;
			productReference = E38EDE5D1FC2EA8400DA11FB /* SurveyApp.app */;
			productType = "com.apple.product-type.application";
		};
		E38EDE701FC2EA8400DA11FB /* SurveyAppTests */ = {
			isa = PBXNativeTarget;
			buildConfigurationList = E38EDE881FC2EA8400DA11FB /* Build configuration list for PBXNativeTarget "SurveyAppTests" */;
			buildPhases = (
				E38EDE6D1FC2EA8400DA11FB /* Sources */,
				E38EDE6E1FC2EA8400DA11FB /* Frameworks */,
				E38EDE6F1FC2EA8400DA11FB /* Resources */,
			);
			buildRules = (
			);
			dependencies = (
				E38EDE731FC2EA8400DA11FB /* PBXTargetDependency */,
			);
			name = SurveyAppTests;
			productName = SurveyAppTests;
			productReference = E38EDE711FC2EA8400DA11FB /* SurveyAppTests.xctest */;
			productType = "com.apple.product-type.bundle.unit-test";
		};
		E38EDE7B1FC2EA8400DA11FB /* SurveyAppUITests */ = {
			isa = PBXNativeTarget;
			buildConfigurationList = E38EDE8B1FC2EA8400DA11FB /* Build configuration list for PBXNativeTarget "SurveyAppUITests" */;
			buildPhases = (
				E38EDE781FC2EA8400DA11FB /* Sources */,
				E38EDE791FC2EA8400DA11FB /* Frameworks */,
				E38EDE7A1FC2EA8400DA11FB /* Resources */,
			);
			buildRules = (
			);
			dependencies = (
				E38EDE7E1FC2EA8400DA11FB /* PBXTargetDependency */,
			);
			name = SurveyAppUITests;
			productName = SurveyAppUITests;
			productReference = E38EDE7C1FC2EA8400DA11FB /* SurveyAppUITests.xctest */;
			productType = "com.apple.product-type.bundle.ui-testing";
		};
/* End PBXNativeTarget section */

/* Begin PBXProject section */
		E38EDE551FC2EA8400DA11FB /* Project object */ = {
			isa = PBXProject;
			attributes = {
				LastSwiftUpdateCheck = 0910;
				LastUpgradeCheck = 0910;
				ORGANIZATIONNAME = JRany;
				TargetAttributes = {
					E38EDE5C1FC2EA8400DA11FB = {
						CreatedOnToolsVersion = 9.1;
						ProvisioningStyle = Automatic;
					};
					E38EDE701FC2EA8400DA11FB = {
						CreatedOnToolsVersion = 9.1;
						ProvisioningStyle = Automatic;
						TestTargetID = E38EDE5C1FC2EA8400DA11FB;
					};
					E38EDE7B1FC2EA8400DA11FB = {
						CreatedOnToolsVersion = 9.1;
						ProvisioningStyle = Automatic;
						TestTargetID = E38EDE5C1FC2EA8400DA11FB;
					};
				};
			};
			buildConfigurationList = E38EDE581FC2EA8400DA11FB /* Build configuration list for PBXProject "SurveyApp" */;
			compatibilityVersion = "Xcode 8.0";
			developmentRegion = en;
			hasScannedForEncodings = 0;
			knownRegions = (
				en,
				Base,
			);
			mainGroup = E38EDE541FC2EA8400DA11FB;
			productRefGroup = E38EDE5E1FC2EA8400DA11FB /* Products */;
			projectDirPath = "";
			projectRoot = "";
			targets = (
				E38EDE5C1FC2EA8400DA11FB /* SurveyApp */,
				E38EDE701FC2EA8400DA11FB /* SurveyAppTests */,
				E38EDE7B1FC2EA8400DA11FB /* SurveyAppUITests */,
			);
		};
/* End PBXProject section */

/* Begin PBXResourcesBuildPhase section */
		E38EDE5B1FC2EA8400DA11FB /* Resources */ = {
			isa = PBXResourcesBuildPhase;
			buildActionMask = 2147483647;
			files = (
				E38EDE6B1FC2EA8400DA11FB /* LaunchScreen.storyboard in Resources */,
				E38EDE681FC2EA8400DA11FB /* Assets.xcassets in Resources */,
				E38EDE661FC2EA8400DA11FB /* Main.storyboard in Resources */,
			);
			runOnlyForDeploymentPostprocessing = 0;
		};
		E38EDE6F1FC2EA8400DA11FB /* Resources */ = {
			isa = PBXResourcesBuildPhase;
			buildActionMask = 2147483647;
			files = (
			);
			runOnlyForDeploymentPostprocessing = 0;
		};
		E38EDE7A1FC2EA8400DA11FB /* Resources */ = {
			isa = PBXResourcesBuildPhase;
			buildActionMask = 2147483647;
			files = (
			);
			runOnlyForDeploymentPostprocessing = 0;
		};
/* End PBXResourcesBuildPhase section */

/* Begin PBXShellScriptBuildPhase section */
		3DA2E7A172ACED274E3CC0B1 /* [CP] Copy Pods Resources */ = {
			isa = PBXShellScriptBuildPhase;
			buildActionMask = 2147483647;
			files = (
			);
			inputPaths = (
			);
			name = "[CP] Copy Pods Resources";
			outputPaths = (
			);
			runOnlyForDeploymentPostprocessing = 0;
			shellPath = /bin/sh;
			shellScript = "\"${SRCROOT}/Pods/Target Support Files/Pods-SurveyApp/Pods-SurveyApp-resources.sh\"\n";
			showEnvVarsInLog = 0;
		};
		AE15D08402DDB4EB614F669D /* [CP] Embed Pods Frameworks */ = {
			isa = PBXShellScriptBuildPhase;
			buildActionMask = 2147483647;
			files = (
			);
			inputPaths = (
				"${SRCROOT}/Pods/Target Support Files/Pods-SurveyApp/Pods-SurveyApp-frameworks.sh",
				"${BUILT_PRODUCTS_DIR}/Bubbles/Bubbles.framework",
			);
			name = "[CP] Embed Pods Frameworks";
			outputPaths = (
				"${TARGET_BUILD_DIR}/${FRAMEWORKS_FOLDER_PATH}/Bubbles.framework",
			);
			runOnlyForDeploymentPostprocessing = 0;
			shellPath = /bin/sh;
			shellScript = "\"${SRCROOT}/Pods/Target Support Files/Pods-SurveyApp/Pods-SurveyApp-frameworks.sh\"\n";
			showEnvVarsInLog = 0;
		};
		CD3F11543334A128DAC60954 /* [CP] Check Pods Manifest.lock */ = {
			isa = PBXShellScriptBuildPhase;
			buildActionMask = 2147483647;
			files = (
			);
			inputPaths = (
				"${PODS_PODFILE_DIR_PATH}/Podfile.lock",
				"${PODS_ROOT}/Manifest.lock",
			);
			name = "[CP] Check Pods Manifest.lock";
			outputPaths = (
				"$(DERIVED_FILE_DIR)/Pods-SurveyApp-checkManifestLockResult.txt",
			);
			runOnlyForDeploymentPostprocessing = 0;
			shellPath = /bin/sh;
			shellScript = "diff \"${PODS_PODFILE_DIR_PATH}/Podfile.lock\" \"${PODS_ROOT}/Manifest.lock\" > /dev/null\nif [ $? != 0 ] ; then\n    # print error to STDERR\n    echo \"error: The sandbox is not in sync with the Podfile.lock. Run 'pod install' or update your CocoaPods installation.\" >&2\n    exit 1\nfi\n# This output is used by Xcode 'outputs' to avoid re-running this script phase.\necho \"SUCCESS\" > \"${SCRIPT_OUTPUT_FILE_0}\"\n";
			showEnvVarsInLog = 0;
		};
/* End PBXShellScriptBuildPhase section */

/* Begin PBXSourcesBuildPhase section */
		E38EDE591FC2EA8400DA11FB /* Sources */ = {
			isa = PBXSourcesBuildPhase;
			buildActionMask = 2147483647;
			files = (
				E3A699F71FC30D98001B3D70 /* RedViewController.swift in Sources */,
				E3A699F91FC30DF5001B3D70 /* PageViewController.swift in Sources */,
				E3A699F51FC30D8C001B3D70 /* GreenViewController.swift in Sources */,
				E38EDE631FC2EA8400DA11FB /* ViewController.swift in Sources */,
				E38EDE611FC2EA8400DA11FB /* AppDelegate.swift in Sources */,
				E3A699FB1FC31529001B3D70 /* DataModel.swift in Sources */,
			);
			runOnlyForDeploymentPostprocessing = 0;
		};
		E38EDE6D1FC2EA8400DA11FB /* Sources */ = {
			isa = PBXSourcesBuildPhase;
			buildActionMask = 2147483647;
			files = (
				E38EDE761FC2EA8400DA11FB /* SurveyAppTests.swift in Sources */,
			);
			runOnlyForDeploymentPostprocessing = 0;
		};
		E38EDE781FC2EA8400DA11FB /* Sources */ = {
			isa = PBXSourcesBuildPhase;
			buildActionMask = 2147483647;
			files = (
				E38EDE811FC2EA8400DA11FB /* SurveyAppUITests.swift in Sources */,
			);
			runOnlyForDeploymentPostprocessing = 0;
		};
/* End PBXSourcesBuildPhase section */

/* Begin PBXTargetDependency section */
		E38EDE731FC2EA8400DA11FB /* PBXTargetDependency */ = {
			isa = PBXTargetDependency;
			target = E38EDE5C1FC2EA8400DA11FB /* SurveyApp */;
			targetProxy = E38EDE721FC2EA8400DA11FB /* PBXContainerItemProxy */;
		};
		E38EDE7E1FC2EA8400DA11FB /* PBXTargetDependency */ = {
			isa = PBXTargetDependency;
			target = E38EDE5C1FC2EA8400DA11FB /* SurveyApp */;
			targetProxy = E38EDE7D1FC2EA8400DA11FB /* PBXContainerItemProxy */;
		};
/* End PBXTargetDependency section */

/* Begin PBXVariantGroup section */
		E38EDE641FC2EA8400DA11FB /* Main.storyboard */ = {
			isa = PBXVariantGroup;
			children = (
				E38EDE651FC2EA8400DA11FB /* Base */,
			);
			name = Main.storyboard;
			sourceTree = "<group>";
		};
		E38EDE691FC2EA8400DA11FB /* LaunchScreen.storyboard */ = {
			isa = PBXVariantGroup;
			children = (
				E38EDE6A1FC2EA8400DA11FB /* Base */,
			);
			name = LaunchScreen.storyboard;
			sourceTree = "<group>";
		};
/* End PBXVariantGroup section */

/* Begin XCBuildConfiguration section */
		E38EDE831FC2EA8400DA11FB /* Debug */ = {
			isa = XCBuildConfiguration;
			buildSettings = {
				ALWAYS_SEARCH_USER_PATHS = NO;
				CLANG_ANALYZER_NONNULL = YES;
				CLANG_ANALYZER_NUMBER_OBJECT_CONVERSION = YES_AGGRESSIVE;
				CLANG_CXX_LANGUAGE_STANDARD = "gnu++14";
				CLANG_CXX_LIBRARY = "libc++";
				CLANG_ENABLE_MODULES = YES;
				CLANG_ENABLE_OBJC_ARC = YES;
				CLANG_WARN_BLOCK_CAPTURE_AUTORELEASING = YES;
				CLANG_WARN_BOOL_CONVERSION = YES;
				CLANG_WARN_COMMA = YES;
				CLANG_WARN_CONSTANT_CONVERSION = YES;
				CLANG_WARN_DIRECT_OBJC_ISA_USAGE = YES_ERROR;
				CLANG_WARN_DOCUMENTATION_COMMENTS = YES;
				CLANG_WARN_EMPTY_BODY = YES;
				CLANG_WARN_ENUM_CONVERSION = YES;
				CLANG_WARN_INFINITE_RECURSION = YES;
				CLANG_WARN_INT_CONVERSION = YES;
				CLANG_WARN_NON_LITERAL_NULL_CONVERSION = YES;
				CLANG_WARN_OBJC_LITERAL_CONVERSION = YES;
				CLANG_WARN_OBJC_ROOT_CLASS = YES_ERROR;
				CLANG_WARN_RANGE_LOOP_ANALYSIS = YES;
				CLANG_WARN_STRICT_PROTOTYPES = YES;
				CLANG_WARN_SUSPICIOUS_MOVE = YES;
				CLANG_WARN_UNGUARDED_AVAILABILITY = YES_AGGRESSIVE;
				CLANG_WARN_UNREACHABLE_CODE = YES;
				CLANG_WARN__DUPLICATE_METHOD_MATCH = YES;
				CODE_SIGN_IDENTITY = "iPhone Developer";
				COPY_PHASE_STRIP = NO;
				DEBUG_INFORMATION_FORMAT = dwarf;
				ENABLE_STRICT_OBJC_MSGSEND = YES;
				ENABLE_TESTABILITY = YES;
				GCC_C_LANGUAGE_STANDARD = gnu11;
				GCC_DYNAMIC_NO_PIC = NO;
				GCC_NO_COMMON_BLOCKS = YES;
				GCC_OPTIMIZATION_LEVEL = 0;
				GCC_PREPROCESSOR_DEFINITIONS = (
					"DEBUG=1",
					"$(inherited)",
				);
				GCC_WARN_64_TO_32_BIT_CONVERSION = YES;
				GCC_WARN_ABOUT_RETURN_TYPE = YES_ERROR;
				GCC_WARN_UNDECLARED_SELECTOR = YES;
				GCC_WARN_UNINITIALIZED_AUTOS = YES_AGGRESSIVE;
				GCC_WARN_UNUSED_FUNCTION = YES;
				GCC_WARN_UNUSED_VARIABLE = YES;
				IPHONEOS_DEPLOYMENT_TARGET = 11.1;
				MTL_ENABLE_DEBUG_INFO = YES;
				ONLY_ACTIVE_ARCH = YES;
				SDKROOT = iphoneos;
				SWIFT_ACTIVE_COMPILATION_CONDITIONS = DEBUG;
				SWIFT_OPTIMIZATION_LEVEL = "-Onone";
			};
			name = Debug;
		};
		E38EDE841FC2EA8400DA11FB /* Release */ = {
			isa = XCBuildConfiguration;
			buildSettings = {
				ALWAYS_SEARCH_USER_PATHS = NO;
				CLANG_ANALYZER_NONNULL = YES;
				CLANG_ANALYZER_NUMBER_OBJECT_CONVERSION = YES_AGGRESSIVE;
				CLANG_CXX_LANGUAGE_STANDARD = "gnu++14";
				CLANG_CXX_LIBRARY = "libc++";
				CLANG_ENABLE_MODULES = YES;
				CLANG_ENABLE_OBJC_ARC = YES;
				CLANG_WARN_BLOCK_CAPTURE_AUTORELEASING = YES;
				CLANG_WARN_BOOL_CONVERSION = YES;
				CLANG_WARN_COMMA = YES;
				CLANG_WARN_CONSTANT_CONVERSION = YES;
				CLANG_WARN_DIRECT_OBJC_ISA_USAGE = YES_ERROR;
				CLANG_WARN_DOCUMENTATION_COMMENTS = YES;
				CLANG_WARN_EMPTY_BODY = YES;
				CLANG_WARN_ENUM_CONVERSION = YES;
				CLANG_WARN_INFINITE_RECURSION = YES;
				CLANG_WARN_INT_CONVERSION = YES;
				CLANG_WARN_NON_LITERAL_NULL_CONVERSION = YES;
				CLANG_WARN_OBJC_LITERAL_CONVERSION = YES;
				CLANG_WARN_OBJC_ROOT_CLASS = YES_ERROR;
				CLANG_WARN_RANGE_LOOP_ANALYSIS = YES;
				CLANG_WARN_STRICT_PROTOTYPES = YES;
				CLANG_WARN_SUSPICIOUS_MOVE = YES;
				CLANG_WARN_UNGUARDED_AVAILABILITY = YES_AGGRESSIVE;
				CLANG_WARN_UNREACHABLE_CODE = YES;
				CLANG_WARN__DUPLICATE_METHOD_MATCH = YES;
				CODE_SIGN_IDENTITY = "iPhone Developer";
				COPY_PHASE_STRIP = NO;
				DEBUG_INFORMATION_FORMAT = "dwarf-with-dsym";
				ENABLE_NS_ASSERTIONS = NO;
				ENABLE_STRICT_OBJC_MSGSEND = YES;
				GCC_C_LANGUAGE_STANDARD = gnu11;
				GCC_NO_COMMON_BLOCKS = YES;
				GCC_WARN_64_TO_32_BIT_CONVERSION = YES;
				GCC_WARN_ABOUT_RETURN_TYPE = YES_ERROR;
				GCC_WARN_UNDECLARED_SELECTOR = YES;
				GCC_WARN_UNINITIALIZED_AUTOS = YES_AGGRESSIVE;
				GCC_WARN_UNUSED_FUNCTION = YES;
				GCC_WARN_UNUSED_VARIABLE = YES;
				IPHONEOS_DEPLOYMENT_TARGET = 11.1;
				MTL_ENABLE_DEBUG_INFO = NO;
				SDKROOT = iphoneos;
				SWIFT_OPTIMIZATION_LEVEL = "-Owholemodule";
				VALIDATE_PRODUCT = YES;
			};
			name = Release;
		};
		E38EDE861FC2EA8400DA11FB /* Debug */ = {
			isa = XCBuildConfiguration;
			baseConfigurationReference = 4B1DD27A5DD4C7B4402A69A9 /* Pods-SurveyApp.debug.xcconfig */;
			buildSettings = {
				ASSETCATALOG_COMPILER_APPICON_NAME = AppIcon;
				CODE_SIGN_STYLE = Automatic;
				DEVELOPMENT_TEAM = ZUGQUHK8J8;
				INFOPLIST_FILE = SurveyApp/Info.plist;
				LD_RUNPATH_SEARCH_PATHS = "$(inherited) @executable_path/Frameworks";
				PRODUCT_BUNDLE_IDENTIFIER = com.jrany.SurveyApp;
				PRODUCT_NAME = "$(TARGET_NAME)";
				SWIFT_VERSION = 4.0;
				TARGETED_DEVICE_FAMILY = 2;
			};
			name = Debug;
		};
		E38EDE871FC2EA8400DA11FB /* Release */ = {
			isa = XCBuildConfiguration;
			baseConfigurationReference = 4B6D855336FF78A3326FE82D /* Pods-SurveyApp.release.xcconfig */;
			buildSettings = {
				ASSETCATALOG_COMPILER_APPICON_NAME = AppIcon;
				CODE_SIGN_STYLE = Automatic;
				DEVELOPMENT_TEAM = ZUGQUHK8J8;
				INFOPLIST_FILE = SurveyApp/Info.plist;
				LD_RUNPATH_SEARCH_PATHS = "$(inherited) @executable_path/Frameworks";
				PRODUCT_BUNDLE_IDENTIFIER = com.jrany.SurveyApp;
				PRODUCT_NAME = "$(TARGET_NAME)";
				SWIFT_VERSION = 4.0;
				TARGETED_DEVICE_FAMILY = 2;
			};
			name = Release;
		};
		E38EDE891FC2EA8400DA11FB /* Debug */ = {
			isa = XCBuildConfiguration;
			buildSettings = {
				ALWAYS_EMBED_SWIFT_STANDARD_LIBRARIES = YES;
				BUNDLE_LOADER = "$(TEST_HOST)";
				CODE_SIGN_STYLE = Automatic;
				DEVELOPMENT_TEAM = ZUGQUHK8J8;
				INFOPLIST_FILE = SurveyAppTests/Info.plist;
				LD_RUNPATH_SEARCH_PATHS = "$(inherited) @executable_path/Frameworks @loader_path/Frameworks";
				PRODUCT_BUNDLE_IDENTIFIER = com.jrany.SurveyAppTests;
				PRODUCT_NAME = "$(TARGET_NAME)";
				SWIFT_VERSION = 4.0;
				TARGETED_DEVICE_FAMILY = "1,2";
				TEST_HOST = "$(BUILT_PRODUCTS_DIR)/SurveyApp.app/SurveyApp";
			};
			name = Debug;
		};
		E38EDE8A1FC2EA8400DA11FB /* Release */ = {
			isa = XCBuildConfiguration;
			buildSettings = {
				ALWAYS_EMBED_SWIFT_STANDARD_LIBRARIES = YES;
				BUNDLE_LOADER = "$(TEST_HOST)";
				CODE_SIGN_STYLE = Automatic;
				DEVELOPMENT_TEAM = ZUGQUHK8J8;
				INFOPLIST_FILE = SurveyAppTests/Info.plist;
				LD_RUNPATH_SEARCH_PATHS = "$(inherited) @executable_path/Frameworks @loader_path/Frameworks";
				PRODUCT_BUNDLE_IDENTIFIER = com.jrany.SurveyAppTests;
				PRODUCT_NAME = "$(TARGET_NAME)";
				SWIFT_VERSION = 4.0;
				TARGETED_DEVICE_FAMILY = "1,2";
				TEST_HOST = "$(BUILT_PRODUCTS_DIR)/SurveyApp.app/SurveyApp";
			};
			name = Release;
		};
		E38EDE8C1FC2EA8400DA11FB /* Debug */ = {
			isa = XCBuildConfiguration;
			buildSettings = {
				ALWAYS_EMBED_SWIFT_STANDARD_LIBRARIES = YES;
				CODE_SIGN_STYLE = Automatic;
				DEVELOPMENT_TEAM = ZUGQUHK8J8;
				INFOPLIST_FILE = SurveyAppUITests/Info.plist;
				LD_RUNPATH_SEARCH_PATHS = "$(inherited) @executable_path/Frameworks @loader_path/Frameworks";
				PRODUCT_BUNDLE_IDENTIFIER = com.jrany.SurveyAppUITests;
				PRODUCT_NAME = "$(TARGET_NAME)";
				SWIFT_VERSION = 4.0;
				TARGETED_DEVICE_FAMILY = "1,2";
				TEST_TARGET_NAME = SurveyApp;
			};
			name = Debug;
		};
		E38EDE8D1FC2EA8400DA11FB /* Release */ = {
			isa = XCBuildConfiguration;
			buildSettings = {
				ALWAYS_EMBED_SWIFT_STANDARD_LIBRARIES = YES;
				CODE_SIGN_STYLE = Automatic;
				DEVELOPMENT_TEAM = ZUGQUHK8J8;
				INFOPLIST_FILE = SurveyAppUITests/Info.plist;
				LD_RUNPATH_SEARCH_PATHS = "$(inherited) @executable_path/Frameworks @loader_path/Frameworks";
				PRODUCT_BUNDLE_IDENTIFIER = com.jrany.SurveyAppUITests;
				PRODUCT_NAME = "$(TARGET_NAME)";
				SWIFT_VERSION = 4.0;
				TARGETED_DEVICE_FAMILY = "1,2";
				TEST_TARGET_NAME = SurveyApp;
			};
			name = Release;
		};
/* End XCBuildConfiguration section */

/* Begin XCConfigurationList section */
		E38EDE581FC2EA8400DA11FB /* Build configuration list for PBXProject "SurveyApp" */ = {
			isa = XCConfigurationList;
			buildConfigurations = (
				E38EDE831FC2EA8400DA11FB /* Debug */,
				E38EDE841FC2EA8400DA11FB /* Release */,
			);
			defaultConfigurationIsVisible = 0;
			defaultConfigurationName = Release;
		};
		E38EDE851FC2EA8400DA11FB /* Build configuration list for PBXNativeTarget "SurveyApp" */ = {
			isa = XCConfigurationList;
			buildConfigurations = (
				E38EDE861FC2EA8400DA11FB /* Debug */,
				E38EDE871FC2EA8400DA11FB /* Release */,
			);
			defaultConfigurationIsVisible = 0;
			defaultConfigurationName = Release;
		};
		E38EDE881FC2EA8400DA11FB /* Build configuration list for PBXNativeTarget "SurveyAppTests" */ = {
			isa = XCConfigurationList;
			buildConfigurations = (
				E38EDE891FC2EA8400DA11FB /* Debug */,
				E38EDE8A1FC2EA8400DA11FB /* Release */,
			);
			defaultConfigurationIsVisible = 0;
			defaultConfigurationName = Release;
		};
		E38EDE8B1FC2EA8400DA11FB /* Build configuration list for PBXNativeTarget "SurveyAppUITests" */ = {
			isa = XCConfigurationList;
			buildConfigurations = (
				E38EDE8C1FC2EA8400DA11FB /* Debug */,
				E38EDE8D1FC2EA8400DA11FB /* Release */,
			);
			defaultConfigurationIsVisible = 0;
			defaultConfigurationName = Release;
		};
/* End XCConfigurationList section */
	};
	rootObject = E38EDE551FC2EA8400DA11FB /* Project object */;
}
